# THIS IS AN AUTOGENERATED FILE. DO NOT EDIT THIS FILE DIRECTLY.
# yarn lockfile v1


"date-fns@^2.22.1":
  "integrity" "sha512-yUFPQjrxEmIsMqlHhAhmxkuH769baF21Kk+nZwZGyrMoyLA+LugaQtC0+Tqf9CBUUULWwUJt6Q5ySI3LJDDCGg=="
  "resolved" "https://registry.npmjs.org/date-fns/-/date-fns-2.22.1.tgz"
  "version" "2.22.1"
